
Microsoft Visual Studio Solution File, Format Version 12.00
# Visual Studio Version 17
VisualStudioVersion = 17.4.33213.308
MinimumVisualStudioVersion = 10.0.40219.1
Project("{FAE04EC0-301F-11D3-BF4B-00C04F79EFBC}") = "DSA", "DSA\DSA.csproj", "{1CD45C9E-57A5-4BE9-AF81-3FD21CD1FA02}"
EndProject
Project("{FAE04EC0-301F-11D3-BF4B-00C04F79EFBC}") = "StringManipulation", "StringManipulation\StringManipulation.csproj", "{FB7E7A5E-1F5F-415C-89AE-7332E1D830F7}"
EndProject
Project("{FAE04EC0-301F-11D3-BF4B-00C04F79EFBC}") = "DSATests", "DSATests\DSATests.csproj", "{3F3E1D86-CD67-4828-BA4A-C1305F9D9022}"
EndProject
Global
	GlobalSection(SolutionConfigurationPlatforms) = preSolution
		Debug|Any CPU = Debug|Any CPU
		Release|Any CPU = Release|Any CPU
	EndGlobalSection
	GlobalSection(ProjectConfigurationPlatforms) = postSolution
		{1CD45C9E-57A5-4BE9-AF81-3FD21CD1FA02}.Debug|Any CPU.ActiveCfg = Debug|Any CPU
		{1CD45C9E-57A5-4BE9-AF81-3FD21CD1FA02}.Debug|Any CPU.Build.0 = Debug|Any CPU
		{1CD45C9E-57A5-4BE9-AF81-3FD21CD1FA02}.Release|Any CPU.ActiveCfg = Release|Any CPU
		{1CD45C9E-57A5-4BE9-AF81-3FD21CD1FA02}.Release|Any CPU.Build.0 = Release|Any CPU
		{FB7E7A5E-1F5F-415C-89AE-7332E1D830F7}.Debug|Any CPU.ActiveCfg = Debug|Any CPU
		{FB7E7A5E-1F5F-415C-89AE-7332E1D830F7}.Debug|Any CPU.Build.0 = Debug|Any CPU
		{FB7E7A5E-1F5F-415C-89AE-7332E1D830F7}.Release|Any CPU.ActiveCfg = Release|Any CPU
		{FB7E7A5E-1F5F-415C-89AE-7332E1D830F7}.Release|Any CPU.Build.0 = Release|Any CPU
		{3F3E1D86-CD67-4828-BA4A-C1305F9D9022}.Debug|Any CPU.ActiveCfg = Debug|Any CPU
		{3F3E1D86-CD67-4828-BA4A-C1305F9D9022}.Debug|Any CPU.Build.0 = Debug|Any CPU
		{3F3E1D86-CD67-4828-BA4A-C1305F9D9022}.Release|Any CPU.ActiveCfg = Release|Any CPU
		{3F3E1D86-CD67-4828-BA4A-C1305F9D9022}.Release|Any CPU.Build.0 = Release|Any CPU
	EndGlobalSection
	GlobalSection(SolutionProperties) = preSolution
		HideSolutionNode = FALSE
	EndGlobalSection
	GlobalSection(ExtensibilityGlobals) = postSolution
		SolutionGuid = {B7741EF5-5591-4C57-9476-00649694AB62}
	EndGlobalSection
EndGlobal
